
Microsoft Visual Studio Solution File, Format Version 12.00
# Visual Studio 15
VisualStudioVersion = 15.0.28307.106
MinimumVisualStudioVersion = 10.0.40219.1
Project("{F184B08F-C81C-45F6-A57F-5ABD9991F28F}") = "FoodBusinessManager", "FoodBusinessManager\FoodBusinessManager.vbproj", "{D7F7547F-C213-4D8F-87A8-FA64CB8850EF}"
EndProject
Project("{F184B08F-C81C-45F6-A57F-5ABD9991F28F}") = "DAL", "DAL\DAL.vbproj", "{3E223019-672A-4D86-8252-07A8FBAF07F7}"
EndProject
Project("{F184B08F-C81C-45F6-A57F-5ABD9991F28F}") = "Entidades", "Entidades\Entidades.vbproj", "{D2343DE9-8693-4D75-96F0-0A46CC327FB7}"
EndProject
Project("{F184B08F-C81C-45F6-A57F-5ABD9991F28F}") = "BLL", "BLL\BLL.vbproj", "{801A28C2-B9B5-4D66-8535-3F1515E93EDF}"
EndProject
Global
	GlobalSection(SolutionConfigurationPlatforms) = preSolution
		Debug|Any CPU = Debug|Any CPU
		Release|Any CPU = Release|Any CPU
	EndGlobalSection
	GlobalSection(ProjectConfigurationPlatforms) = postSolution
		{D7F7547F-C213-4D8F-87A8-FA64CB8850EF}.Debug|Any CPU.ActiveCfg = Debug|Any CPU
		{D7F7547F-C213-4D8F-87A8-FA64CB8850EF}.Debug|Any CPU.Build.0 = Debug|Any CPU
		{D7F7547F-C213-4D8F-87A8-FA64CB8850EF}.Release|Any CPU.ActiveCfg = Release|Any CPU
		{D7F7547F-C213-4D8F-87A8-FA64CB8850EF}.Release|Any CPU.Build.0 = Release|Any CPU
		{3E223019-672A-4D86-8252-07A8FBAF07F7}.Debug|Any CPU.ActiveCfg = Debug|Any CPU
		{3E223019-672A-4D86-8252-07A8FBAF07F7}.Debug|Any CPU.Build.0 = Debug|Any CPU
		{3E223019-672A-4D86-8252-07A8FBAF07F7}.Release|Any CPU.ActiveCfg = Release|Any CPU
		{3E223019-672A-4D86-8252-07A8FBAF07F7}.Release|Any CPU.Build.0 = Release|Any CPU
		{D2343DE9-8693-4D75-96F0-0A46CC327FB7}.Debug|Any CPU.ActiveCfg = Debug|Any CPU
		{D2343DE9-8693-4D75-96F0-0A46CC327FB7}.Debug|Any CPU.Build.0 = Debug|Any CPU
		{D2343DE9-8693-4D75-96F0-0A46CC327FB7}.Release|Any CPU.ActiveCfg = Release|Any CPU
		{D2343DE9-8693-4D75-96F0-0A46CC327FB7}.Release|Any CPU.Build.0 = Release|Any CPU
		{801A28C2-B9B5-4D66-8535-3F1515E93EDF}.Debug|Any CPU.ActiveCfg = Debug|Any CPU
		{801A28C2-B9B5-4D66-8535-3F1515E93EDF}.Debug|Any CPU.Build.0 = Debug|Any CPU
		{801A28C2-B9B5-4D66-8535-3F1515E93EDF}.Release|Any CPU.ActiveCfg = Release|Any CPU
		{801A28C2-B9B5-4D66-8535-3F1515E93EDF}.Release|Any CPU.Build.0 = Release|Any CPU
	EndGlobalSection
	GlobalSection(SolutionProperties) = preSolution
		HideSolutionNode = FALSE
	EndGlobalSection
	GlobalSection(ExtensibilityGlobals) = postSolution
		SolutionGuid = {49EC29D3-AF36-41A9-B6A7-6325260156EF}
	EndGlobalSection
EndGlobal
